{
	"name": "react-soa",
	"version": "2.0.0",
	"lockfileVersion": 1,
	"requires": true,
	"dependencies": {
		"preact": {
			"version": "10.4.6",
			"resolved": "https://registry.npmjs.org/preact/-/preact-10.4.6.tgz",
			"integrity": "sha512-80WJfXH53yyINig5Wza/8MD9n4lMg9G6aN00ws0ptsAaY/Fu/M7xW4zICf7OLfocVltxS30wvNQ8oIbUyZS1tw==",
			"dev": true
		},
		"typescript": {
			"version": "3.9.7",
			"resolved": "https://registry.npmjs.org/typescript/-/typescript-3.9.7.tgz",
			"integrity": "sha512-BLbiRkiBzAwsjut4x/dsibSTB6yWpwT5qWmC2OfuCg3GgVQCSgMs4vEctYPhsaGtd0AeuuHMkjZ2h2WG8MSzRw==",
			"dev": true
		}
	}
}
